
Microsoft Visual Studio Solution File, Format Version 12.00
# Visual Studio Version 16
VisualStudioVersion = 16.0.31005.135
MinimumVisualStudioVersion = 10.0.40219.1
Project("{2150E333-8FDC-42A3-9474-1A3956D46DE8}") = "Part.1", "Part.1", "{DEB05BA7-78DC-4517-BC42-E22BA96E1C69}"
EndProject
Project("{2150E333-8FDC-42A3-9474-1A3956D46DE8}") = "Part.2", "Part.2", "{75F00A06-0465-467B-847E-872E3EECEF98}"
EndProject
Project("{8BC9CEB8-8B4A-11D0-8D11-00A0C91BC942}") = "1.Hello World", "Part.1\1.HelloWorld\CPP从入门到入土.vcxproj", "{583BD12E-1417-4250-9F76-5080364B450D}"
EndProject
Project("{8BC9CEB8-8B4A-11D0-8D11-00A0C91BC942}") = "2.注释", "Part.1\2.注释\1.2注释.vcxproj", "{78E428A3-7E87-4EBA-BCA6-16AE271F0DFC}"
EndProject
Project("{8BC9CEB8-8B4A-11D0-8D11-00A0C91BC942}") = "3.变量", "Part.1\3.变量\3.vcxproj", "{0F087345-2118-4F94-91B0-6D3AB9EE8764}"
EndProject
Project("{8BC9CEB8-8B4A-11D0-8D11-00A0C91BC942}") = "4.局部变量和全局变量", "Part.1\4.局部变量和全局变量\4.局部变量和全局变量.vcxproj", "{E0ED04BD-E35C-497F-AB6E-7DD18299C83D}"
EndProject
Project("{8BC9CEB8-8B4A-11D0-8D11-00A0C91BC942}") = "5.if语句", "Part.1\5.if语句\5.if语句.vcxproj", "{2F8A1816-BBFD-45A0-BCDD-BF6B56F11351}"
EndProject
Project("{8BC9CEB8-8B4A-11D0-8D11-00A0C91BC942}") = "6.switch case语句", "Part.1\6.switch case语句\6.switch case语句.vcxproj", "{7DE087AE-8397-4293-AB64-F8B4C2BCD867}"
EndProject
Project("{8BC9CEB8-8B4A-11D0-8D11-00A0C91BC942}") = "7.while循环语句", "Part.1\7.while循环语句\7.while循环语句.vcxproj", "{27292E36-E4E2-45E6-94C1-8C5BF3EBE236}"
EndProject
Project("{8BC9CEB8-8B4A-11D0-8D11-00A0C91BC942}") = "8.for循环语句", "Part.1\8.for循环语句\8.for循环语句.vcxproj", "{3B84578E-8C26-4AF2-AACF-F328C30E25A4}"
EndProject
Project("{8BC9CEB8-8B4A-11D0-8D11-00A0C91BC942}") = "1.数组的定义", "Part.2\1.数组的定义\1.数组的定义.vcxproj", "{39ED5A02-D5BE-45C0-95C2-6DF7331BC1E6}"
EndProject
Project("{8BC9CEB8-8B4A-11D0-8D11-00A0C91BC942}") = "3.常量", "Part.2\3.常量\3.常量.vcxproj", "{13EC2938-8113-4C34-9654-92A3400619E6}"
EndProject
Project("{8BC9CEB8-8B4A-11D0-8D11-00A0C91BC942}") = "4.类与结构体", "Part.2\4.类与结构体\4.类与结构体.vcxproj", "{31834903-5C35-473F-BA8A-A0492C1A0100}"
EndProject
Project("{8BC9CEB8-8B4A-11D0-8D11-00A0C91BC942}") = "2.函数的定义", "Part.2\2.函数的定义\2.函数的定义.vcxproj", "{B899DACC-8DEF-4150-915D-62B6F34777A5}"
EndProject
Project("{8BC9CEB8-8B4A-11D0-8D11-00A0C91BC942}") = "6.指针", "Part.2\6.指针\6.指针.vcxproj", "{4925B579-756D-4D10-B0C2-0EC936CDFB51}"
EndProject
Project("{8BC9CEB8-8B4A-11D0-8D11-00A0C91BC942}") = "5.构造函数与析构函数", "Part.2\5.构造函数与析构函数\5.构造函数与析构函数.vcxproj", "{E239B058-BCB5-416E-9582-90885CC86D29}"
EndProject
Project("{8BC9CEB8-8B4A-11D0-8D11-00A0C91BC942}") = "7.引用", "Part.2\7.引用\7.引用.vcxproj", "{CF424BAB-9006-4C7B-9850-B300D3719495}"
EndProject
Project("{2150E333-8FDC-42A3-9474-1A3956D46DE8}") = "Part.3", "Part.3", "{A0540E2B-4EBA-443B-A96B-D96755375B08}"
EndProject
Global
	GlobalSection(SolutionConfigurationPlatforms) = preSolution
		Debug|x64 = Debug|x64
		Debug|x86 = Debug|x86
		Release|x64 = Release|x64
		Release|x86 = Release|x86
	EndGlobalSection
	GlobalSection(ProjectConfigurationPlatforms) = postSolution
		{583BD12E-1417-4250-9F76-5080364B450D}.Debug|x64.ActiveCfg = Debug|x64
		{583BD12E-1417-4250-9F76-5080364B450D}.Debug|x64.Build.0 = Debug|x64
		{583BD12E-1417-4250-9F76-5080364B450D}.Debug|x86.ActiveCfg = Debug|Win32
		{583BD12E-1417-4250-9F76-5080364B450D}.Debug|x86.Build.0 = Debug|Win32
		{583BD12E-1417-4250-9F76-5080364B450D}.Release|x64.ActiveCfg = Release|x64
		{583BD12E-1417-4250-9F76-5080364B450D}.Release|x64.Build.0 = Release|x64
		{583BD12E-1417-4250-9F76-5080364B450D}.Release|x86.ActiveCfg = Release|Win32
		{583BD12E-1417-4250-9F76-5080364B450D}.Release|x86.Build.0 = Release|Win32
		{78E428A3-7E87-4EBA-BCA6-16AE271F0DFC}.Debug|x64.ActiveCfg = Debug|x64
		{78E428A3-7E87-4EBA-BCA6-16AE271F0DFC}.Debug|x64.Build.0 = Debug|x64
		{78E428A3-7E87-4EBA-BCA6-16AE271F0DFC}.Debug|x86.ActiveCfg = Debug|Win32
		{78E428A3-7E87-4EBA-BCA6-16AE271F0DFC}.Debug|x86.Build.0 = Debug|Win32
		{78E428A3-7E87-4EBA-BCA6-16AE271F0DFC}.Release|x64.ActiveCfg = Release|x64
		{78E428A3-7E87-4EBA-BCA6-16AE271F0DFC}.Release|x64.Build.0 = Release|x64
		{78E428A3-7E87-4EBA-BCA6-16AE271F0DFC}.Release|x86.ActiveCfg = Release|Win32
		{78E428A3-7E87-4EBA-BCA6-16AE271F0DFC}.Release|x86.Build.0 = Release|Win32
		{0F087345-2118-4F94-91B0-6D3AB9EE8764}.Debug|x64.ActiveCfg = Debug|x64
		{0F087345-2118-4F94-91B0-6D3AB9EE8764}.Debug|x64.Build.0 = Debug|x64
		{0F087345-2118-4F94-91B0-6D3AB9EE8764}.Debug|x86.ActiveCfg = Debug|Win32
		{0F087345-2118-4F94-91B0-6D3AB9EE8764}.Debug|x86.Build.0 = Debug|Win32
		{0F087345-2118-4F94-91B0-6D3AB9EE8764}.Release|x64.ActiveCfg = Release|x64
		{0F087345-2118-4F94-91B0-6D3AB9EE8764}.Release|x64.Build.0 = Release|x64
		{0F087345-2118-4F94-91B0-6D3AB9EE8764}.Release|x86.ActiveCfg = Release|Win32
		{0F087345-2118-4F94-91B0-6D3AB9EE8764}.Release|x86.Build.0 = Release|Win32
		{E0ED04BD-E35C-497F-AB6E-7DD18299C83D}.Debug|x64.ActiveCfg = Debug|x64
		{E0ED04BD-E35C-497F-AB6E-7DD18299C83D}.Debug|x64.Build.0 = Debug|x64
		{E0ED04BD-E35C-497F-AB6E-7DD18299C83D}.Debug|x86.ActiveCfg = Debug|Win32
		{E0ED04BD-E35C-497F-AB6E-7DD18299C83D}.Debug|x86.Build.0 = Debug|Win32
		{E0ED04BD-E35C-497F-AB6E-7DD18299C83D}.Release|x64.ActiveCfg = Release|x64
		{E0ED04BD-E35C-497F-AB6E-7DD18299C83D}.Release|x64.Build.0 = Release|x64
		{E0ED04BD-E35C-497F-AB6E-7DD18299C83D}.Release|x86.ActiveCfg = Release|Win32
		{E0ED04BD-E35C-497F-AB6E-7DD18299C83D}.Release|x86.Build.0 = Release|Win32
		{2F8A1816-BBFD-45A0-BCDD-BF6B56F11351}.Debug|x64.ActiveCfg = Debug|x64
		{2F8A1816-BBFD-45A0-BCDD-BF6B56F11351}.Debug|x64.Build.0 = Debug|x64
		{2F8A1816-BBFD-45A0-BCDD-BF6B56F11351}.Debug|x86.ActiveCfg = Debug|Win32
		{2F8A1816-BBFD-45A0-BCDD-BF6B56F11351}.Debug|x86.Build.0 = Debug|Win32
		{2F8A1816-BBFD-45A0-BCDD-BF6B56F11351}.Release|x64.ActiveCfg = Release|x64
		{2F8A1816-BBFD-45A0-BCDD-BF6B56F11351}.Release|x64.Build.0 = Release|x64
		{2F8A1816-BBFD-45A0-BCDD-BF6B56F11351}.Release|x86.ActiveCfg = Release|Win32
		{2F8A1816-BBFD-45A0-BCDD-BF6B56F11351}.Release|x86.Build.0 = Release|Win32
		{7DE087AE-8397-4293-AB64-F8B4C2BCD867}.Debug|x64.ActiveCfg = Debug|x64
		{7DE087AE-8397-4293-AB64-F8B4C2BCD867}.Debug|x64.Build.0 = Debug|x64
		{7DE087AE-8397-4293-AB64-F8B4C2BCD867}.Debug|x86.ActiveCfg = Debug|Win32
		{7DE087AE-8397-4293-AB64-F8B4C2BCD867}.Debug|x86.Build.0 = Debug|Win32
		{7DE087AE-8397-4293-AB64-F8B4C2BCD867}.Release|x64.ActiveCfg = Release|x64
		{7DE087AE-8397-4293-AB64-F8B4C2BCD867}.Release|x64.Build.0 = Release|x64
		{7DE087AE-8397-4293-AB64-F8B4C2BCD867}.Release|x86.ActiveCfg = Release|Win32
		{7DE087AE-8397-4293-AB64-F8B4C2BCD867}.Release|x86.Build.0 = Release|Win32
		{27292E36-E4E2-45E6-94C1-8C5BF3EBE236}.Debug|x64.ActiveCfg = Debug|x64
		{27292E36-E4E2-45E6-94C1-8C5BF3EBE236}.Debug|x64.Build.0 = Debug|x64
		{27292E36-E4E2-45E6-94C1-8C5BF3EBE236}.Debug|x86.ActiveCfg = Debug|Win32
		{27292E36-E4E2-45E6-94C1-8C5BF3EBE236}.Debug|x86.Build.0 = Debug|Win32
		{27292E36-E4E2-45E6-94C1-8C5BF3EBE236}.Release|x64.ActiveCfg = Release|x64
		{27292E36-E4E2-45E6-94C1-8C5BF3EBE236}.Release|x64.Build.0 = Release|x64
		{27292E36-E4E2-45E6-94C1-8C5BF3EBE236}.Release|x86.ActiveCfg = Release|Win32
		{27292E36-E4E2-45E6-94C1-8C5BF3EBE236}.Release|x86.Build.0 = Release|Win32
		{3B84578E-8C26-4AF2-AACF-F328C30E25A4}.Debug|x64.ActiveCfg = Debug|x64
		{3B84578E-8C26-4AF2-AACF-F328C30E25A4}.Debug|x64.Build.0 = Debug|x64
		{3B84578E-8C26-4AF2-AACF-F328C30E25A4}.Debug|x86.ActiveCfg = Debug|Win32
		{3B84578E-8C26-4AF2-AACF-F328C30E25A4}.Debug|x86.Build.0 = Debug|Win32
		{3B84578E-8C26-4AF2-AACF-F328C30E25A4}.Release|x64.ActiveCfg = Release|x64
		{3B84578E-8C26-4AF2-AACF-F328C30E25A4}.Release|x64.Build.0 = Release|x64
		{3B84578E-8C26-4AF2-AACF-F328C30E25A4}.Release|x86.ActiveCfg = Release|Win32
		{3B84578E-8C26-4AF2-AACF-F328C30E25A4}.Release|x86.Build.0 = Release|Win32
		{39ED5A02-D5BE-45C0-95C2-6DF7331BC1E6}.Debug|x64.ActiveCfg = Debug|x64
		{39ED5A02-D5BE-45C0-95C2-6DF7331BC1E6}.Debug|x64.Build.0 = Debug|x64
		{39ED5A02-D5BE-45C0-95C2-6DF7331BC1E6}.Debug|x86.ActiveCfg = Debug|Win32
		{39ED5A02-D5BE-45C0-95C2-6DF7331BC1E6}.Debug|x86.Build.0 = Debug|Win32
		{39ED5A02-D5BE-45C0-95C2-6DF7331BC1E6}.Release|x64.ActiveCfg = Release|x64
		{39ED5A02-D5BE-45C0-95C2-6DF7331BC1E6}.Release|x64.Build.0 = Release|x64
		{39ED5A02-D5BE-45C0-95C2-6DF7331BC1E6}.Release|x86.ActiveCfg = Release|Win32
		{39ED5A02-D5BE-45C0-95C2-6DF7331BC1E6}.Release|x86.Build.0 = Release|Win32
		{13EC2938-8113-4C34-9654-92A3400619E6}.Debug|x64.ActiveCfg = Debug|x64
		{13EC2938-8113-4C34-9654-92A3400619E6}.Debug|x64.Build.0 = Debug|x64
		{13EC2938-8113-4C34-9654-92A3400619E6}.Debug|x86.ActiveCfg = Debug|Win32
		{13EC2938-8113-4C34-9654-92A3400619E6}.Debug|x86.Build.0 = Debug|Win32
		{13EC2938-8113-4C34-9654-92A3400619E6}.Release|x64.ActiveCfg = Release|x64
		{13EC2938-8113-4C34-9654-92A3400619E6}.Release|x64.Build.0 = Release|x64
		{13EC2938-8113-4C34-9654-92A3400619E6}.Release|x86.ActiveCfg = Release|Win32
		{13EC2938-8113-4C34-9654-92A3400619E6}.Release|x86.Build.0 = Release|Win32
		{31834903-5C35-473F-BA8A-A0492C1A0100}.Debug|x64.ActiveCfg = Debug|x64
		{31834903-5C35-473F-BA8A-A0492C1A0100}.Debug|x64.Build.0 = Debug|x64
		{31834903-5C35-473F-BA8A-A0492C1A0100}.Debug|x86.ActiveCfg = Debug|Win32
		{31834903-5C35-473F-BA8A-A0492C1A0100}.Debug|x86.Build.0 = Debug|Win32
		{31834903-5C35-473F-BA8A-A0492C1A0100}.Release|x64.ActiveCfg = Release|x64
		{31834903-5C35-473F-BA8A-A0492C1A0100}.Release|x64.Build.0 = Release|x64
		{31834903-5C35-473F-BA8A-A0492C1A0100}.Release|x86.ActiveCfg = Release|Win32
		{31834903-5C35-473F-BA8A-A0492C1A0100}.Release|x86.Build.0 = Release|Win32
		{B899DACC-8DEF-4150-915D-62B6F34777A5}.Debug|x64.ActiveCfg = Debug|x64
		{B899DACC-8DEF-4150-915D-62B6F34777A5}.Debug|x64.Build.0 = Debug|x64
		{B899DACC-8DEF-4150-915D-62B6F34777A5}.Debug|x86.ActiveCfg = Debug|Win32
		{B899DACC-8DEF-4150-915D-62B6F34777A5}.Debug|x86.Build.0 = Debug|Win32
		{B899DACC-8DEF-4150-915D-62B6F34777A5}.Release|x64.ActiveCfg = Release|x64
		{B899DACC-8DEF-4150-915D-62B6F34777A5}.Release|x64.Build.0 = Release|x64
		{B899DACC-8DEF-4150-915D-62B6F34777A5}.Release|x86.ActiveCfg = Release|Win32
		{B899DACC-8DEF-4150-915D-62B6F34777A5}.Release|x86.Build.0 = Release|Win32
		{4925B579-756D-4D10-B0C2-0EC936CDFB51}.Debug|x64.ActiveCfg = Debug|x64
		{4925B579-756D-4D10-B0C2-0EC936CDFB51}.Debug|x64.Build.0 = Debug|x64
		{4925B579-756D-4D10-B0C2-0EC936CDFB51}.Debug|x86.ActiveCfg = Debug|Win32
		{4925B579-756D-4D10-B0C2-0EC936CDFB51}.Debug|x86.Build.0 = Debug|Win32
		{4925B579-756D-4D10-B0C2-0EC936CDFB51}.Release|x64.ActiveCfg = Release|x64
		{4925B579-756D-4D10-B0C2-0EC936CDFB51}.Release|x64.Build.0 = Release|x64
		{4925B579-756D-4D10-B0C2-0EC936CDFB51}.Release|x86.ActiveCfg = Release|Win32
		{4925B579-756D-4D10-B0C2-0EC936CDFB51}.Release|x86.Build.0 = Release|Win32
		{E239B058-BCB5-416E-9582-90885CC86D29}.Debug|x64.ActiveCfg = Debug|x64
		{E239B058-BCB5-416E-9582-90885CC86D29}.Debug|x64.Build.0 = Debug|x64
		{E239B058-BCB5-416E-9582-90885CC86D29}.Debug|x86.ActiveCfg = Debug|Win32
		{E239B058-BCB5-416E-9582-90885CC86D29}.Debug|x86.Build.0 = Debug|Win32
		{E239B058-BCB5-416E-9582-90885CC86D29}.Release|x64.ActiveCfg = Release|x64
		{E239B058-BCB5-416E-9582-90885CC86D29}.Release|x64.Build.0 = Release|x64
		{E239B058-BCB5-416E-9582-90885CC86D29}.Release|x86.ActiveCfg = Release|Win32
		{E239B058-BCB5-416E-9582-90885CC86D29}.Release|x86.Build.0 = Release|Win32
		{CF424BAB-9006-4C7B-9850-B300D3719495}.Debug|x64.ActiveCfg = Debug|x64
		{CF424BAB-9006-4C7B-9850-B300D3719495}.Debug|x64.Build.0 = Debug|x64
		{CF424BAB-9006-4C7B-9850-B300D3719495}.Debug|x86.ActiveCfg = Debug|Win32
		{CF424BAB-9006-4C7B-9850-B300D3719495}.Debug|x86.Build.0 = Debug|Win32
		{CF424BAB-9006-4C7B-9850-B300D3719495}.Release|x64.ActiveCfg = Release|x64
		{CF424BAB-9006-4C7B-9850-B300D3719495}.Release|x64.Build.0 = Release|x64
		{CF424BAB-9006-4C7B-9850-B300D3719495}.Release|x86.ActiveCfg = Release|Win32
		{CF424BAB-9006-4C7B-9850-B300D3719495}.Release|x86.Build.0 = Release|Win32
	EndGlobalSection
	GlobalSection(SolutionProperties) = preSolution
		HideSolutionNode = FALSE
	EndGlobalSection
	GlobalSection(NestedProjects) = preSolution
		{583BD12E-1417-4250-9F76-5080364B450D} = {DEB05BA7-78DC-4517-BC42-E22BA96E1C69}
		{78E428A3-7E87-4EBA-BCA6-16AE271F0DFC} = {DEB05BA7-78DC-4517-BC42-E22BA96E1C69}
		{0F087345-2118-4F94-91B0-6D3AB9EE8764} = {DEB05BA7-78DC-4517-BC42-E22BA96E1C69}
		{E0ED04BD-E35C-497F-AB6E-7DD18299C83D} = {DEB05BA7-78DC-4517-BC42-E22BA96E1C69}
		{2F8A1816-BBFD-45A0-BCDD-BF6B56F11351} = {DEB05BA7-78DC-4517-BC42-E22BA96E1C69}
		{7DE087AE-8397-4293-AB64-F8B4C2BCD867} = {DEB05BA7-78DC-4517-BC42-E22BA96E1C69}
		{27292E36-E4E2-45E6-94C1-8C5BF3EBE236} = {DEB05BA7-78DC-4517-BC42-E22BA96E1C69}
		{3B84578E-8C26-4AF2-AACF-F328C30E25A4} = {DEB05BA7-78DC-4517-BC42-E22BA96E1C69}
		{39ED5A02-D5BE-45C0-95C2-6DF7331BC1E6} = {75F00A06-0465-467B-847E-872E3EECEF98}
		{13EC2938-8113-4C34-9654-92A3400619E6} = {75F00A06-0465-467B-847E-872E3EECEF98}
		{31834903-5C35-473F-BA8A-A0492C1A0100} = {75F00A06-0465-467B-847E-872E3EECEF98}
		{B899DACC-8DEF-4150-915D-62B6F34777A5} = {75F00A06-0465-467B-847E-872E3EECEF98}
		{4925B579-756D-4D10-B0C2-0EC936CDFB51} = {75F00A06-0465-467B-847E-872E3EECEF98}
		{E239B058-BCB5-416E-9582-90885CC86D29} = {75F00A06-0465-467B-847E-872E3EECEF98}
		{CF424BAB-9006-4C7B-9850-B300D3719495} = {75F00A06-0465-467B-847E-872E3EECEF98}
	EndGlobalSection
	GlobalSection(ExtensibilityGlobals) = postSolution
		SolutionGuid = {6837FF35-AC28-4DEA-B728-8AEEDF70560A}
	EndGlobalSection
EndGlobal
